
Microsoft Visual Studio Solution File, Format Version 12.00
# Visual Studio Version 17
VisualStudioVersion = 17.3.32929.385
MinimumVisualStudioVersion = 10.0.40219.1
Project("{FAE04EC0-301F-11D3-BF4B-00C04F79EFBC}") = "FavoriteWebsitesManagement", "FavoriteWebsitesManagement\FavoriteWebsitesManagement.csproj", "{425E52A1-605E-4C26-802D-4AF63354B499}"
EndProject
Global
	GlobalSection(SolutionConfigurationPlatforms) = preSolution
		Debug|Any CPU = Debug|Any CPU
		Release|Any CPU = Release|Any CPU
	EndGlobalSection
	GlobalSection(ProjectConfigurationPlatforms) = postSolution
		{425E52A1-605E-4C26-802D-4AF63354B499}.Debug|Any CPU.ActiveCfg = Debug|Any CPU
		{425E52A1-605E-4C26-802D-4AF63354B499}.Debug|Any CPU.Build.0 = Debug|Any CPU
		{425E52A1-605E-4C26-802D-4AF63354B499}.Release|Any CPU.ActiveCfg = Release|Any CPU
		{425E52A1-605E-4C26-802D-4AF63354B499}.Release|Any CPU.Build.0 = Release|Any CPU
	EndGlobalSection
	GlobalSection(SolutionProperties) = preSolution
		HideSolutionNode = FALSE
	EndGlobalSection
	GlobalSection(ExtensibilityGlobals) = postSolution
		SolutionGuid = {5F76CDB4-A7DF-4E94-A20E-5A6BB8E4F015}
	EndGlobalSection
EndGlobal
